
Microsoft Visual Studio Solution File, Format Version 12.00
# Visual Studio Version 16
VisualStudioVersion = 16.0.30611.23
MinimumVisualStudioVersion = 10.0.40219.1
Project("{9A19103F-16F7-4668-BE54-9A1E7A4F7556}") = "BlazorTestApp.Module", "BlazorTestApp.Module\BlazorTestApp.Module.csproj", "{7D024D92-315B-4A42-89F2-8187B261FAC6}"
EndProject
Project("{9A19103F-16F7-4668-BE54-9A1E7A4F7556}") = "BlazorTestApp.Module.Blazor", "BlazorTestApp.Module.Blazor\BlazorTestApp.Module.Blazor.csproj", "{50A0CAB3-D660-4FD0-B003-529E03321A6F}"
EndProject
Project("{9A19103F-16F7-4668-BE54-9A1E7A4F7556}") = "BlazorTestApp.Blazor.Server", "BlazorTestApp.Blazor.Server\BlazorTestApp.Blazor.Server.csproj", "{E990BB57-7281-47F4-8D9B-263FD3CB378B}"
EndProject
Project("{9A19103F-16F7-4668-BE54-9A1E7A4F7556}") = "CommonLibrary", "CommonLibrary\CommonLibrary.csproj", "{8A7F2420-D020-42C4-9758-19DD67FA3BEC}"
EndProject
Project("{9A19103F-16F7-4668-BE54-9A1E7A4F7556}") = "PobierzWaluty", "PobierzWaluty\PobierzWaluty.csproj", "{B2C73A64-6954-4089-8584-E3D86175A8A7}"
EndProject
Project("{9A19103F-16F7-4668-BE54-9A1E7A4F7556}") = "ImportkodyPocztowe", "ImportkodyPocztowe\ImportkodyPocztowe.csproj", "{F6757D04-5481-43AC-AF22-FE66E52122BB}"
EndProject
Project("{9A19103F-16F7-4668-BE54-9A1E7A4F7556}") = "KodyPocztowe.Module", "KodyPocztowe.Module\KodyPocztowe.Module.csproj", "{0D7F88F5-773A-4AFD-82D4-E5FBE1601A31}"
EndProject
Project("{9A19103F-16F7-4668-BE54-9A1E7A4F7556}") = "WalutyModule", "Waluty.Module\WalutyModule.csproj", "{C517D198-C08E-429E-BBBF-E83AF4F35E32}"
EndProject
Global
	GlobalSection(SolutionConfigurationPlatforms) = preSolution
		Debug|Any CPU = Debug|Any CPU
		EasyTest|Any CPU = EasyTest|Any CPU
		Release|Any CPU = Release|Any CPU
	EndGlobalSection
	GlobalSection(ProjectConfigurationPlatforms) = postSolution
		{7D024D92-315B-4A42-89F2-8187B261FAC6}.Debug|Any CPU.ActiveCfg = Debug|Any CPU
		{7D024D92-315B-4A42-89F2-8187B261FAC6}.Debug|Any CPU.Build.0 = Debug|Any CPU
		{7D024D92-315B-4A42-89F2-8187B261FAC6}.EasyTest|Any CPU.ActiveCfg = EasyTest|Any CPU
		{7D024D92-315B-4A42-89F2-8187B261FAC6}.EasyTest|Any CPU.Build.0 = EasyTest|Any CPU
		{7D024D92-315B-4A42-89F2-8187B261FAC6}.Release|Any CPU.ActiveCfg = Release|Any CPU
		{7D024D92-315B-4A42-89F2-8187B261FAC6}.Release|Any CPU.Build.0 = Release|Any CPU
		{50A0CAB3-D660-4FD0-B003-529E03321A6F}.Debug|Any CPU.ActiveCfg = Debug|Any CPU
		{50A0CAB3-D660-4FD0-B003-529E03321A6F}.Debug|Any CPU.Build.0 = Debug|Any CPU
		{50A0CAB3-D660-4FD0-B003-529E03321A6F}.EasyTest|Any CPU.ActiveCfg = EasyTest|Any CPU
		{50A0CAB3-D660-4FD0-B003-529E03321A6F}.EasyTest|Any CPU.Build.0 = EasyTest|Any CPU
		{50A0CAB3-D660-4FD0-B003-529E03321A6F}.Release|Any CPU.ActiveCfg = Release|Any CPU
		{50A0CAB3-D660-4FD0-B003-529E03321A6F}.Release|Any CPU.Build.0 = Release|Any CPU
		{E990BB57-7281-47F4-8D9B-263FD3CB378B}.Debug|Any CPU.ActiveCfg = Debug|Any CPU
		{E990BB57-7281-47F4-8D9B-263FD3CB378B}.Debug|Any CPU.Build.0 = Debug|Any CPU
		{E990BB57-7281-47F4-8D9B-263FD3CB378B}.EasyTest|Any CPU.ActiveCfg = EasyTest|Any CPU
		{E990BB57-7281-47F4-8D9B-263FD3CB378B}.EasyTest|Any CPU.Build.0 = EasyTest|Any CPU
		{E990BB57-7281-47F4-8D9B-263FD3CB378B}.Release|Any CPU.ActiveCfg = Release|Any CPU
		{E990BB57-7281-47F4-8D9B-263FD3CB378B}.Release|Any CPU.Build.0 = Release|Any CPU
		{8A7F2420-D020-42C4-9758-19DD67FA3BEC}.Debug|Any CPU.ActiveCfg = Debug|Any CPU
		{8A7F2420-D020-42C4-9758-19DD67FA3BEC}.Debug|Any CPU.Build.0 = Debug|Any CPU
		{8A7F2420-D020-42C4-9758-19DD67FA3BEC}.EasyTest|Any CPU.ActiveCfg = Release|Any CPU
		{8A7F2420-D020-42C4-9758-19DD67FA3BEC}.EasyTest|Any CPU.Build.0 = Release|Any CPU
		{8A7F2420-D020-42C4-9758-19DD67FA3BEC}.Release|Any CPU.ActiveCfg = Release|Any CPU
		{8A7F2420-D020-42C4-9758-19DD67FA3BEC}.Release|Any CPU.Build.0 = Release|Any CPU
		{B2C73A64-6954-4089-8584-E3D86175A8A7}.Debug|Any CPU.ActiveCfg = Debug|Any CPU
		{B2C73A64-6954-4089-8584-E3D86175A8A7}.Debug|Any CPU.Build.0 = Debug|Any CPU
		{B2C73A64-6954-4089-8584-E3D86175A8A7}.EasyTest|Any CPU.ActiveCfg = Release|Any CPU
		{B2C73A64-6954-4089-8584-E3D86175A8A7}.EasyTest|Any CPU.Build.0 = Release|Any CPU
		{B2C73A64-6954-4089-8584-E3D86175A8A7}.Release|Any CPU.ActiveCfg = Release|Any CPU
		{B2C73A64-6954-4089-8584-E3D86175A8A7}.Release|Any CPU.Build.0 = Release|Any CPU
		{F6757D04-5481-43AC-AF22-FE66E52122BB}.Debug|Any CPU.ActiveCfg = Debug|Any CPU
		{F6757D04-5481-43AC-AF22-FE66E52122BB}.Debug|Any CPU.Build.0 = Debug|Any CPU
		{F6757D04-5481-43AC-AF22-FE66E52122BB}.EasyTest|Any CPU.ActiveCfg = Release|Any CPU
		{F6757D04-5481-43AC-AF22-FE66E52122BB}.EasyTest|Any CPU.Build.0 = Release|Any CPU
		{F6757D04-5481-43AC-AF22-FE66E52122BB}.Release|Any CPU.ActiveCfg = Release|Any CPU
		{F6757D04-5481-43AC-AF22-FE66E52122BB}.Release|Any CPU.Build.0 = Release|Any CPU
		{0D7F88F5-773A-4AFD-82D4-E5FBE1601A31}.Debug|Any CPU.ActiveCfg = Debug|Any CPU
		{0D7F88F5-773A-4AFD-82D4-E5FBE1601A31}.Debug|Any CPU.Build.0 = Debug|Any CPU
		{0D7F88F5-773A-4AFD-82D4-E5FBE1601A31}.EasyTest|Any CPU.ActiveCfg = EasyTest|Any CPU
		{0D7F88F5-773A-4AFD-82D4-E5FBE1601A31}.EasyTest|Any CPU.Build.0 = EasyTest|Any CPU
		{0D7F88F5-773A-4AFD-82D4-E5FBE1601A31}.Release|Any CPU.ActiveCfg = Release|Any CPU
		{0D7F88F5-773A-4AFD-82D4-E5FBE1601A31}.Release|Any CPU.Build.0 = Release|Any CPU
		{C517D198-C08E-429E-BBBF-E83AF4F35E32}.Debug|Any CPU.ActiveCfg = Debug|Any CPU
		{C517D198-C08E-429E-BBBF-E83AF4F35E32}.Debug|Any CPU.Build.0 = Debug|Any CPU
		{C517D198-C08E-429E-BBBF-E83AF4F35E32}.EasyTest|Any CPU.ActiveCfg = EasyTest|Any CPU
		{C517D198-C08E-429E-BBBF-E83AF4F35E32}.EasyTest|Any CPU.Build.0 = EasyTest|Any CPU
		{C517D198-C08E-429E-BBBF-E83AF4F35E32}.Release|Any CPU.ActiveCfg = Release|Any CPU
		{C517D198-C08E-429E-BBBF-E83AF4F35E32}.Release|Any CPU.Build.0 = Release|Any CPU
	EndGlobalSection
	GlobalSection(SolutionProperties) = preSolution
		HideSolutionNode = FALSE
	EndGlobalSection
	GlobalSection(ExtensibilityGlobals) = postSolution
		SolutionGuid = {37D9B5F3-BE52-499D-8836-5A223ADB9663}
	EndGlobalSection
EndGlobal
